github.com/go-logr/logr v0.1.0/go.mod h1:ixOQHD9gLJUVQQ2ZOR7zLEifBX6tGkNJF4QyIY7sIas=
github.com/hashicorp/errwrap v1.0.0 h1:hLrqtEDnRye3+sgx6z4qVLNuviH3MR5aQ0ykNJa/UYA=
github.com/hashicorp/errwrap v1.0.0/go.mod h1:YH+1FKiLXxHSkmPseP+kNlulaMuP3n2brvKWEqk/Jc4=
github.com/hashicorp/go-multierror v1.0.0 h1:iVjPR7a6H0tWELX5NxNe7bYopibicUzc7uPribsnS6o=
github.com/hashicorp/go-multierror v1.0.0/go.mod h1:dHtQlpGsu+cZNNAkkCN/P3hoUDHhCYQXV3UM06sGGrk=
golang.org/x/sys v0.0.0-20190916202348-b4ddaad3f8a3 h1:7TYNF4UdlohbFwpNH04CoPMp1cHUZgO1Ebq5r2hIjfo=
golang.org/x/sys v0.0.0-20190916202348-b4ddaad3f8a3/go.mod h1:h1NjWce9XRLGQEsW7wpKNCjG9DtNlClVuFLEZdDNbEs=
k8s.io/klog v1.0.0 h1:Pt+yjF5aB1xDSVbau4VsWe+dQNzA0qv1LlXdC2dF6Q8=
k8s.io/klog v1.0.0/go.mod h1:4Bi6QPql/J/LkTDqv7R/cd3hPo4k2DG6Ptcz060Ez5I=
restis.dev/go-ole v1.2.5-0.20191018042956-acd2faa535f3 h1:psTJm66uAYSSjRZKe5f2FeFMFdjBbpU1GfSKImuQVgw=
restis.dev/go-ole v1.2.5-0.20191018042956-acd2faa535f3/go.mod h1:Bpv45bA0ivt0N8xfvoyvf4DT7tEvtKkGB8bpjxMoqYQ=
